dependencies:
- name: metrics-server
  repository: https://kubernetes-sigs.github.io/metrics-server/
  version: 3.11.0
- name: cilium
  repository: https://helm.cilium.io/
  version: 1.15.1
- name: openstack-cloud-controller-manager
  repository: https://kubernetes.github.io/cloud-provider-openstack
  version: 2.28.3
- name: openstack-cinder-csi
  repository: https://kubernetes.github.io/cloud-provider-openstack
  version: 2.28.1
digest: sha256:256d0befee0cfb9d667d5d7a7d0942e85aa90db02ea792bce2913dd76cdc8090
generated: "2024-03-12T09:45:24.641457035Z"
