dependencies:
- name: metrics-server
  repository: https://kubernetes-sigs.github.io/metrics-server/
  version: 3.11.0
- name: cilium
  repository: https://helm.cilium.io/
  version: 1.15.1
digest: sha256:c2e11d9460464ffa91223a648ddf9ba6f59f6a6e6395adc793837eee8c80832b
generated: "2024-03-12T09:45:14.129357164Z"
