dependencies:
- name: metrics-server
  repository: https://kubernetes-sigs.github.io/metrics-server/
  version: 3.12.0
- name: cilium
  repository: https://helm.cilium.io/
  version: 1.14.1
digest: sha256:b75f98e8f4d9325187c52196148acb793ec8a4a5a8f427b8e1cd2cb57b5ff37f
generated: "2024-03-12T09:45:53.573935374Z"
